{
    "_meta": {
        "hash": {
            "sha256": "89bd63606176f8927f2a87290076008dfb17f2b8ec48da883c8283b4b82d321b"
        },
        "host-environment-markers": {
            "implementation_name": "cpython",
            "implementation_version": "0",
            "os_name": "posix",
            "platform_machine": "x86_64",
            "platform_python_implementation": "CPython",
            "platform_release": "4.14.83-gentoo",
            "platform_system": "Linux",
            "platform_version": "#1 SMP Tue Nov 27 08:59:12 PST 2018",
            "python_full_version": "2.7.15",
            "python_version": "2.7",
            "sys_platform": "linux2"
        },
        "pipfile-spec": 6,
        "requires": {
            "python_version": "2.7"
        },
        "sources": [
            {
                "name": "pypi",
                "url": "https://pypi.org/simple",
                "verify_ssl": true
            }
        ]
    },
    "default": {
        "decorator": {
            "hashes": [],
            "version": "==4.3.0"
        },
        "ipython": {
            "hashes": [],
            "version": "==5.8.0"
        },
        "ipython-genutils": {
            "hashes": [],
            "version": "==0.2.0"
        },
        "networkx": {
            "hashes": [],
            "version": "==2.2"
        },
        "numpy": {
            "hashes": [],
            "version": "==1.15.4"
        },
        "pexpect": {
            "hashes": [],
            "markers": "sys_platform != 'win32'",
            "version": "==4.6.0"
        },
        "pickleshare": {
            "hashes": [],
            "version": "==0.7.5"
        },
        "prompt-toolkit": {
            "hashes": [],
            "version": "==1.0.15"
        },
        "ptyprocess": {
            "hashes": [],
            "version": "==0.6.0"
        },
        "pygments": {
            "hashes": [],
            "version": "==2.3.0"
        },
        "simplegeneric": {
            "hashes": [],
            "version": "==0.8.1"
        },
        "six": {
            "hashes": [],
            "version": "==1.12.0"
        },
        "tqdm": {
            "hashes": [],
            "version": "==4.28.1"
        },
        "traitlets": {
            "hashes": [],
            "version": "==4.3.2"
        },
        "wcwidth": {
            "hashes": [],
            "version": "==0.1.7"
        }
    },
    "develop": {}
}
